
Microsoft Visual Studio Solution File, Format Version 12.00
# Visual Studio Version 17
VisualStudioVersion = 17.4.33205.214
MinimumVisualStudioVersion = 10.0.40219.1
Project("{FAE04EC0-301F-11D3-BF4B-00C04F79EFBC}") = "KomplexDemoWebApp", "KomplexDemoWebApp\KomplexDemoWebApp.csproj", "{AC5443C9-42C5-438B-881C-D6063818FE69}"
EndProject
Global
	GlobalSection(SolutionConfigurationPlatforms) = preSolution
		Debug|Any CPU = Debug|Any CPU
		Release|Any CPU = Release|Any CPU
	EndGlobalSection
	GlobalSection(ProjectConfigurationPlatforms) = postSolution
		{AC5443C9-42C5-438B-881C-D6063818FE69}.Debug|Any CPU.ActiveCfg = Debug|Any CPU
		{AC5443C9-42C5-438B-881C-D6063818FE69}.Debug|Any CPU.Build.0 = Debug|Any CPU
		{AC5443C9-42C5-438B-881C-D6063818FE69}.Release|Any CPU.ActiveCfg = Release|Any CPU
		{AC5443C9-42C5-438B-881C-D6063818FE69}.Release|Any CPU.Build.0 = Release|Any CPU
	EndGlobalSection
	GlobalSection(SolutionProperties) = preSolution
		HideSolutionNode = FALSE
	EndGlobalSection
	GlobalSection(ExtensibilityGlobals) = postSolution
		SolutionGuid = {98B821AD-23D6-472F-A890-EB6F82FE3949}
	EndGlobalSection
EndGlobal
